# Exact versions the byte-identity gate was verified with (Python 3.11 on Fir, 3.9 on macOS).
contourpy==1.3.0
cycler==0.12.1
fonttools==4.60.2
joblib==1.5.3
kiwisolver==1.4.7
matplotlib==3.9.4
narwhals==2.21.0
numpy==1.26.4
packaging==26.3
pandas==2.3.3
patsy==1.0.3
pillow==11.3.0
plotly==7.1.0
pybedtools==0.12.1
pyparsing==3.3.3
pysam==0.24.1
python-dateutil==2.9.0.post0
pytz==2026.4
requests==2.32.5
scikit-learn==1.6.1
scipy==1.13.1
seaborn==0.13.2
six==1.17.0
statsmodels==0.14.6
threadpoolctl==3.7.0
tzdata==2026.4
pytest==8.3.5
